// !$*UTF8*$!
{
	archiveVersion = 1;
	classes = {
	};
	objectVersion = 46;
	objects = {

/* Begin PBXBuildFile section */
		12D35D7D19142E5D004D6D42 /* Cocoa.framework in Frameworks */ = {isa = PBXBuildFile; fileRef = 12D35D7C19142E5D004D6D42 /* Cocoa.framework */; };
		12D35D8719142E5D004D6D42 /* InfoPlist.strings in Resources */ = {isa = PBXBuildFile; fileRef = 12D35D8519142E5D004D6D42 /* InfoPlist.strings */; };
		12D35D8919142E5D004D6D42 /* main.m in Sources */ = {isa = PBXBuildFile; fileRef = 12D35D8819142E5D004D6D42 /* main.m */; };
		12D35D8D19142E5D004D6D42 /* Credits.rtf in Resources */ = {isa = PBXBuildFile; fileRef = 12D35D8B19142E5D004D6D42 /* Credits.rtf */; };
		12D35D9019142E5D004D6D42 /* AppDelegate.m in Sources */ = {isa = PBXBuildFile; fileRef = 12D35D8F19142E5D004D6D42 /* AppDelegate.m */; };
		12D35D9319142E5E004D6D42 /* MainMenu.xib in Resources */ = {isa = PBXBuildFile; fileRef = 12D35D9119142E5E004D6D42 /* MainMenu.xib */; };
		12D35D9B19142E5E004D6D42 /* SenTestingKit.framework in Frameworks */ = {isa = PBXBuildFile; fileRef = 12D35D9A19142E5E004D6D42 /* SenTestingKit.framework */; };
		12D35D9C19142E5E004D6D42 /* Cocoa.framework in Frameworks */ = {isa = PBXBuildFile; fileRef = 12D35D7C19142E5D004D6D42 /* Cocoa.framework */; };
		12D35DA419142E5E004D6D42 /* InfoPlist.strings in Resources */ = {isa = PBXBuildFile; fileRef = 12D35DA219142E5E004D6D42 /* InfoPlist.strings */; };
		12D35DA719142E5E004D6D42 /* vazamento_memoriaTests.m in Sources */ = {isa = PBXBuildFile; fileRef = 12D35DA619142E5E004D6D42 /* vazamento_memoriaTests.m */; };
		12D35DB219142E8C004D6D42 /* BEPiDAluno.m in Sources */ = {isa = PBXBuildFile; fileRef = 12D35DB119142E8C004D6D42 /* BEPiDAluno.m */; };
		12D35DB519142EDE004D6D42 /* BEPiDPatrimonio.m in Sources */ = {isa = PBXBuildFile; fileRef = 12D35DB419142EDE004D6D42 /* BEPiDPatrimonio.m */; };
/* End PBXBuildFile section */

/* Begin PBXContainerItemProxy section */
		12D35D9D19142E5E004D6D42 /* PBXContainerItemProxy */ = {
			isa = PBXContainerItemProxy;
			containerPortal = 12D35D7119142E5D004D6D42 /* Project object */;
			proxyType = 1;
			remoteGlobalIDString = 12D35D7819142E5D004D6D42;
			remoteInfo = vazamento_memoria;
		};
/* End PBXContainerItemProxy section */

/* Begin PBXFileReference section */
		12D35D7919142E5D004D6D42 /* vazamento_memoria.app */ = {isa = PBXFileReference; explicitFileType = wrapper.application; includeInIndex = 0; path = vazamento_memoria.app; sourceTree = BUILT_PRODUCTS_DIR; };
		12D35D7C19142E5D004D6D42 /* Cocoa.framework */ = {isa = PBXFileReference; lastKnownFileType = wrapper.framework; name = Cocoa.framework; path = System/Library/Frameworks/Cocoa.framework; sourceTree = SDKROOT; };
		12D35D7F19142E5D004D6D42 /* AppKit.framework */ = {isa = PBXFileReference; lastKnownFileType = wrapper.framework; name = AppKit.framework; path = System/Library/Frameworks/AppKit.framework; sourceTree = SDKROOT; };
		12D35D8019142E5D004D6D42 /* CoreData.framework */ = {isa = PBXFileReference; lastKnownFileType = wrapper.framework; name = CoreData.framework; path = System/Library/Frameworks/CoreData.framework; sourceTree = SDKROOT; };
		12D35D8119142E5D004D6D42 /* Foundation.framework */ = {isa = PBXFileReference; lastKnownFileType = wrapper.framework; name = Foundation.framework; path = System/Library/Frameworks/Foundation.framework; sourceTree = SDKROOT; };
		12D35D8419142E5D004D6D42 /* vazamento_memoria-Info.plist */ = {isa = PBXFileReference; lastKnownFileType = text.plist.xml; path = "vazamento_memoria-Info.plist"; sourceTree = "<group>"; };
		12D35D8619142E5D004D6D42 /* en */ = {isa = PBXFileReference; lastKnownFileType = text.plist.strings; name = en; path = en.lproj/InfoPlist.strings; sourceTree = "<group>"; };
		12D35D8819142E5D004D6D42 /* main.m */ = {isa = PBXFileReference; lastKnownFileType = sourcecode.c.objc; path = main.m; sourceTree = "<group>"; };
		12D35D8A19142E5D004D6D42 /* vazamento_memoria-Prefix.pch */ = {isa = PBXFileReference; lastKnownFileType = sourcecode.c.h; path = "vazamento_memoria-Prefix.pch"; sourceTree = "<group>"; };
		12D35D8C19142E5D004D6D42 /* en */ = {isa = PBXFileReference; lastKnownFileType = text.rtf; name = en; path = en.lproj/Credits.rtf; sourceTree = "<group>"; };
		12D35D8E19142E5D004D6D42 /* AppDelegate.h */ = {isa = PBXFileReference; lastKnownFileType = sourcecode.c.h; path = AppDelegate.h; sourceTree = "<group>"; };
		12D35D8F19142E5D004D6D42 /* AppDelegate.m */ = {isa = PBXFileReference; lastKnownFileType = sourcecode.c.objc; path = AppDelegate.m; sourceTree = "<group>"; };
		12D35D9219142E5E004D6D42 /* en */ = {isa = PBXFileReference; lastKnownFileType = file.xib; name = en; path = en.lproj/MainMenu.xib; sourceTree = "<group>"; };
		12D35D9919142E5E004D6D42 /* vazamento_memoriaTests.octest */ = {isa = PBXFileReference; explicitFileType = wrapper.cfbundle; includeInIndex = 0; path = vazamento_memoriaTests.octest; sourceTree = BUILT_PRODUCTS_DIR; };
		12D35D9A19142E5E004D6D42 /* SenTestingKit.framework */ = {isa = PBXFileReference; lastKnownFileType = wrapper.framework; name = SenTestingKit.framework; path = Library/Frameworks/SenTestingKit.framework; sourceTree = DEVELOPER_DIR; };
		12D35DA119142E5E004D6D42 /* vazamento_memoriaTests-Info.plist */ = {isa = PBXFileReference; lastKnownFileType = text.plist.xml; path = "vazamento_memoriaTests-Info.plist"; sourceTree = "<group>"; };
		12D35DA319142E5E004D6D42 /* en */ = {isa = PBXFileReference; lastKnownFileType = text.plist.strings; name = en; path = en.lproj/InfoPlist.strings; sourceTree = "<group>"; };
		12D35DA519142E5E004D6D42 /* vazamento_memoriaTests.h */ = {isa = PBXFileReference; lastKnownFileType = sourcecode.c.h; path = vazamento_memoriaTests.h; sourceTree = "<group>"; };
		12D35DA619142E5E004D6D42 /* vazamento_memoriaTests.m */ = {isa = PBXFileReference; lastKnownFileType = sourcecode.c.objc; path = vazamento_memoriaTests.m; sourceTree = "<group>"; };
		12D35DB019142E8C004D6D42 /* BEPiDAluno.h */ = {isa = PBXFileReference; fileEncoding = 4; lastKnownFileType = sourcecode.c.h; path = BEPiDAluno.h; sourceTree = "<group>"; };
		12D35DB119142E8C004D6D42 /* BEPiDAluno.m */ = {isa = PBXFileReference; fileEncoding = 4; lastKnownFileType = sourcecode.c.objc; path = BEPiDAluno.m; sourceTree = "<group>"; };
		12D35DB319142EDE004D6D42 /* BEPiDPatrimonio.h */ = {isa = PBXFileReference; fileEncoding = 4; lastKnownFileType = sourcecode.c.h; path = BEPiDPatrimonio.h; sourceTree = "<group>"; };
		12D35DB419142EDE004D6D42 /* BEPiDPatrimonio.m */ = {isa = PBXFileReference; fileEncoding = 4; lastKnownFileType = sourcecode.c.objc; path = BEPiDPatrimonio.m; sourceTree = "<group>"; };
/* End PBXFileReference section */

/* Begin PBXFrameworksBuildPhase section */
		12D35D7619142E5D004D6D42 /* Frameworks */ = {
			isa = PBXFrameworksBuildPhase;
			buildActionMask = 2147483647;
			files = (
				12D35D7D19142E5D004D6D42 /* Cocoa.framework in Frameworks */,
			);
			runOnlyForDeploymentPostprocessing = 0;
		};
		12D35D9519142E5E004D6D42 /* Frameworks */ = {
			isa = PBXFrameworksBuildPhase;
			buildActionMask = 2147483647;
			files = (
				12D35D9B19142E5E004D6D42 /* SenTestingKit.framework in Frameworks */,
				12D35D9C19142E5E004D6D42 /* Cocoa.framework in Frameworks */,
			);
			runOnlyForDeploymentPostprocessing = 0;
		};
/* End PBXFrameworksBuildPhase section */

/* Begin PBXGroup section */
		12D35D7019142E5D004D6D42 = {
			isa = PBXGroup;
			children = (
				12D35DB319142EDE004D6D42 /* BEPiDPatrimonio.h */,
				12D35DB419142EDE004D6D42 /* BEPiDPatrimonio.m */,
				12D35DB019142E8C004D6D42 /* BEPiDAluno.h */,
				12D35DB119142E8C004D6D42 /* BEPiDAluno.m */,
				12D35D8219142E5D004D6D42 /* vazamento_memoria */,
				12D35D9F19142E5E004D6D42 /* vazamento_memoriaTests */,
				12D35D7B19142E5D004D6D42 /* Frameworks */,
				12D35D7A19142E5D004D6D42 /* Products */,
			);
			sourceTree = "<group>";
		};
		12D35D7A19142E5D004D6D42 /* Products */ = {
			isa = PBXGroup;
			children = (
				12D35D7919142E5D004D6D42 /* vazamento_memoria.app */,
				12D35D9919142E5E004D6D42 /* vazamento_memoriaTests.octest */,
			);
			name = Products;
			sourceTree = "<group>";
		};
		12D35D7B19142E5D004D6D42 /* Frameworks */ = {
			isa = PBXGroup;
			children = (
				12D35D7C19142E5D004D6D42 /* Cocoa.framework */,
				12D35D9A19142E5E004D6D42 /* SenTestingKit.framework */,
				12D35D7E19142E5D004D6D42 /* Other Frameworks */,
			);
			name = Frameworks;
			sourceTree = "<group>";
		};
		12D35D7E19142E5D004D6D42 /* Other Frameworks */ = {
			isa = PBXGroup;
			children = (
				12D35D7F19142E5D004D6D42 /* AppKit.framework */,
				12D35D8019142E5D004D6D42 /* CoreData.framework */,
				12D35D8119142E5D004D6D42 /* Foundation.framework */,
			);
			name = "Other Frameworks";
			sourceTree = "<group>";
		};
		12D35D8219142E5D004D6D42 /* vazamento_memoria */ = {
			isa = PBXGroup;
			children = (
				12D35D8E19142E5D004D6D42 /* AppDelegate.h */,
				12D35D8F19142E5D004D6D42 /* AppDelegate.m */,
				12D35D9119142E5E004D6D42 /* MainMenu.xib */,
				12D35D8319142E5D004D6D42 /* Supporting Files */,
			);
			path = vazamento_memoria;
			sourceTree = "<group>";
		};
		12D35D8319142E5D004D6D42 /* Supporting Files */ = {
			isa = PBXGroup;
			children = (
				12D35D8419142E5D004D6D42 /* vazamento_memoria-Info.plist */,
				12D35D8519142E5D004D6D42 /* InfoPlist.strings */,
				12D35D8819142E5D004D6D42 /* main.m */,
				12D35D8A19142E5D004D6D42 /* vazamento_memoria-Prefix.pch */,
				12D35D8B19142E5D004D6D42 /* Credits.rtf */,
			);
			name = "Supporting Files";
			sourceTree = "<group>";
		};
		12D35D9F19142E5E004D6D42 /* vazamento_memoriaTests */ = {
			isa = PBXGroup;
			children = (
				12D35DA519142E5E004D6D42 /* vazamento_memoriaTests.h */,
				12D35DA619142E5E004D6D42 /* vazamento_memoriaTests.m */,
				12D35DA019142E5E004D6D42 /* Supporting Files */,
			);
			path = vazamento_memoriaTests;
			sourceTree = "<group>";
		};
		12D35DA019142E5E004D6D42 /* Supporting Files */ = {
			isa = PBXGroup;
			children = (
				12D35DA119142E5E004D6D42 /* vazamento_memoriaTests-Info.plist */,
				12D35DA219142E5E004D6D42 /* InfoPlist.strings */,
			);
			name = "Supporting Files";
			sourceTree = "<group>";
		};
/* End PBXGroup section */

/* Begin PBXNativeTarget section */
		12D35D7819142E5D004D6D42 /* vazamento_memoria */ = {
			isa = PBXNativeTarget;
			buildConfigurationList = 12D35DAA19142E5E004D6D42 /* Build configuration list for PBXNativeTarget "vazamento_memoria" */;
			buildPhases = (
				12D35D7519142E5D004D6D42 /* Sources */,
				12D35D7619142E5D004D6D42 /* Frameworks */,
				12D35D7719142E5D004D6D42 /* Resources */,
			);
			buildRules = (
			);
			dependencies = (
			);
			name = vazamento_memoria;
			productName = vazamento_memoria;
			productReference = 12D35D7919142E5D004D6D42 /* vazamento_memoria.app */;
			productType = "com.apple.product-type.application";
		};
		12D35D9819142E5E004D6D42 /* vazamento_memoriaTests */ = {
			isa = PBXNativeTarget;
			buildConfigurationList = 12D35DAD19142E5E004D6D42 /* Build configuration list for PBXNativeTarget "vazamento_memoriaTests" */;
			buildPhases = (
				12D35D9419142E5E004D6D42 /* Sources */,
				12D35D9519142E5E004D6D42 /* Frameworks */,
				12D35D9619142E5E004D6D42 /* Resources */,
				12D35D9719142E5E004D6D42 /* ShellScript */,
			);
			buildRules = (
			);
			dependencies = (
				12D35D9E19142E5E004D6D42 /* PBXTargetDependency */,
			);
			name = vazamento_memoriaTests;
			productName = vazamento_memoriaTests;
			productReference = 12D35D9919142E5E004D6D42 /* vazamento_memoriaTests.octest */;
			productType = "com.apple.product-type.bundle";
		};
/* End PBXNativeTarget section */

/* Begin PBXProject section */
		12D35D7119142E5D004D6D42 /* Project object */ = {
			isa = PBXProject;
			attributes = {
				LastUpgradeCheck = 0460;
				ORGANIZATIONNAME = Cotrim;
			};
			buildConfigurationList = 12D35D7419142E5D004D6D42 /* Build configuration list for PBXProject "vazamento_memoria" */;
			compatibilityVersion = "Xcode 3.2";
			developmentRegion = English;
			hasScannedForEncodings = 0;
			knownRegions = (
				en,
			);
			mainGroup = 12D35D7019142E5D004D6D42;
			productRefGroup = 12D35D7A19142E5D004D6D42 /* Products */;
			projectDirPath = "";
			projectRoot = "";
			targets = (
				12D35D7819142E5D004D6D42 /* vazamento_memoria */,
				12D35D9819142E5E004D6D42 /* vazamento_memoriaTests */,
			);
		};
/* End PBXProject section */

/* Begin PBXResourcesBuildPhase section */
		12D35D7719142E5D004D6D42 /* Resources */ = {
			isa = PBXResourcesBuildPhase;
			buildActionMask = 2147483647;
			files = (
				12D35D8719142E5D004D6D42 /* InfoPlist.strings in Resources */,
				12D35D8D19142E5D004D6D42 /* Credits.rtf in Resources */,
				12D35D9319142E5E004D6D42 /* MainMenu.xib in Resources */,
			);
			runOnlyForDeploymentPostprocessing = 0;
		};
		12D35D9619142E5E004D6D42 /* Resources */ = {
			isa = PBXResourcesBuildPhase;
			buildActionMask = 2147483647;
			files = (
				12D35DA419142E5E004D6D42 /* InfoPlist.strings in Resources */,
			);
			runOnlyForDeploymentPostprocessing = 0;
		};
/* End PBXResourcesBuildPhase section */

/* Begin PBXShellScriptBuildPhase section */
		12D35D9719142E5E004D6D42 /* ShellScript */ = {
			isa = PBXShellScriptBuildPhase;
			buildActionMask = 2147483647;
			files = (
			);
			inputPaths = (
			);
			outputPaths = (
			);
			runOnlyForDeploymentPostprocessing = 0;
			shellPath = /bin/sh;
			shellScript = "# Run the unit tests in this test bundle.\n\"${SYSTEM_DEVELOPER_DIR}/Tools/RunUnitTests\"\n";
		};
/* End PBXShellScriptBuildPhase section */

/* Begin PBXSourcesBuildPhase section */
		12D35D7519142E5D004D6D42 /* Sources */ = {
			isa = PBXSourcesBuildPhase;
			buildActionMask = 2147483647;
			files = (
				12D35D8919142E5D004D6D42 /* main.m in Sources */,
				12D35D9019142E5D004D6D42 /* AppDelegate.m in Sources */,
				12D35DB219142E8C004D6D42 /* BEPiDAluno.m in Sources */,
				12D35DB519142EDE004D6D42 /* BEPiDPatrimonio.m in Sources */,
			);
			runOnlyForDeploymentPostprocessing = 0;
		};
		12D35D9419142E5E004D6D42 /* Sources */ = {
			isa = PBXSourcesBuildPhase;
			buildActionMask = 2147483647;
			files = (
				12D35DA719142E5E004D6D42 /* vazamento_memoriaTests.m in Sources */,
			);
			runOnlyForDeploymentPostprocessing = 0;
		};
/* End PBXSourcesBuildPhase section */

/* Begin PBXTargetDependency section */
		12D35D9E19142E5E004D6D42 /* PBXTargetDependency */ = {
			isa = PBXTargetDependency;
			target = 12D35D7819142E5D004D6D42 /* vazamento_memoria */;
			targetProxy = 12D35D9D19142E5E004D6D42 /* PBXContainerItemProxy */;
		};
/* End PBXTargetDependency section */

/* Begin PBXVariantGroup section */
		12D35D8519142E5D004D6D42 /* InfoPlist.strings */ = {
			isa = PBXVariantGroup;
			children = (
				12D35D8619142E5D004D6D42 /* en */,
			);
			name = InfoPlist.strings;
			sourceTree = "<group>";
		};
		12D35D8B19142E5D004D6D42 /* Credits.rtf */ = {
			isa = PBXVariantGroup;
			children = (
				12D35D8C19142E5D004D6D42 /* en */,
			);
			name = Credits.rtf;
			sourceTree = "<group>";
		};
		12D35D9119142E5E004D6D42 /* MainMenu.xib */ = {
			isa = PBXVariantGroup;
			children = (
				12D35D9219142E5E004D6D42 /* en */,
			);
			name = MainMenu.xib;
			sourceTree = "<group>";
		};
		12D35DA219142E5E004D6D42 /* InfoPlist.strings */ = {
			isa = PBXVariantGroup;
			children = (
				12D35DA319142E5E004D6D42 /* en */,
			);
			name = InfoPlist.strings;
			sourceTree = "<group>";
		};
/* End PBXVariantGroup section */

/* Begin XCBuildConfiguration section */
		12D35DA819142E5E004D6D42 /* Debug */ = {
			isa = XCBuildConfiguration;
			buildSettings = {
				ALWAYS_SEARCH_USER_PATHS = NO;
				ARCHS = "$(ARCHS_STANDARD_64_BIT)";
				CLANG_CXX_LANGUAGE_STANDARD = "gnu++0x";
				CLANG_CXX_LIBRARY = "libc++";
				CLANG_ENABLE_OBJC_ARC = YES;
				CLANG_WARN_CONSTANT_CONVERSION = YES;
				CLANG_WARN_EMPTY_BODY = YES;
				CLANG_WARN_ENUM_CONVERSION = YES;
				CLANG_WARN_INT_CONVERSION = YES;
				CLANG_WARN__DUPLICATE_METHOD_MATCH = YES;
				COPY_PHASE_STRIP = NO;
				GCC_C_LANGUAGE_STANDARD = gnu99;
				GCC_DYNAMIC_NO_PIC = NO;
				GCC_ENABLE_OBJC_EXCEPTIONS = YES;
				GCC_OPTIMIZATION_LEVEL = 0;
				GCC_PREPROCESSOR_DEFINITIONS = (
					"DEBUG=1",
					"$(inherited)",
				);
				GCC_SYMBOLS_PRIVATE_EXTERN = NO;
				GCC_WARN_64_TO_32_BIT_CONVERSION = YES;
				GCC_WARN_ABOUT_RETURN_TYPE = YES;
				GCC_WARN_UNINITIALIZED_AUTOS = YES;
				GCC_WARN_UNUSED_VARIABLE = YES;
				MACOSX_DEPLOYMENT_TARGET = 10.8;
				ONLY_ACTIVE_ARCH = YES;
				SDKROOT = macosx;
			};
			name = Debug;
		};
		12D35DA919142E5E004D6D42 /* Release */ = {
			isa = XCBuildConfiguration;
			buildSettings = {
				ALWAYS_SEARCH_USER_PATHS = NO;
				ARCHS = "$(ARCHS_STANDARD_64_BIT)";
				CLANG_CXX_LANGUAGE_STANDARD = "gnu++0x";
				CLANG_CXX_LIBRARY = "libc++";
				CLANG_ENABLE_OBJC_ARC = YES;
				CLANG_WARN_CONSTANT_CONVERSION = YES;
				CLANG_WARN_EMPTY_BODY = YES;
				CLANG_WARN_ENUM_CONVERSION = YES;
				CLANG_WARN_INT_CONVERSION = YES;
				CLANG_WARN__DUPLICATE_METHOD_MATCH = YES;
				COPY_PHASE_STRIP = YES;
				DEBUG_INFORMATION_FORMAT = "dwarf-with-dsym";
				GCC_C_LANGUAGE_STANDARD = gnu99;
				GCC_ENABLE_OBJC_EXCEPTIONS = YES;
				GCC_WARN_64_TO_32_BIT_CONVERSION = YES;
				GCC_WARN_ABOUT_RETURN_TYPE = YES;
				GCC_WARN_UNINITIALIZED_AUTOS = YES;
				GCC_WARN_UNUSED_VARIABLE = YES;
				MACOSX_DEPLOYMENT_TARGET = 10.8;
				SDKROOT = macosx;
			};
			name = Release;
		};
		12D35DAB19142E5E004D6D42 /* Debug */ = {
			isa = XCBuildConfiguration;
			buildSettings = {
				COMBINE_HIDPI_IMAGES = YES;
				GCC_PRECOMPILE_PREFIX_HEADER = YES;
				GCC_PREFIX_HEADER = "vazamento_memoria/vazamento_memoria-Prefix.pch";
				INFOPLIST_FILE = "vazamento_memoria/vazamento_memoria-Info.plist";
				PRODUCT_NAME = "$(TARGET_NAME)";
				WRAPPER_EXTENSION = app;
			};
			name = Debug;
		};
		12D35DAC19142E5E004D6D42 /* Release */ = {
			isa = XCBuildConfiguration;
			buildSettings = {
				COMBINE_HIDPI_IMAGES = YES;
				GCC_PRECOMPILE_PREFIX_HEADER = YES;
				GCC_PREFIX_HEADER = "vazamento_memoria/vazamento_memoria-Prefix.pch";
				INFOPLIST_FILE = "vazamento_memoria/vazamento_memoria-Info.plist";
				PRODUCT_NAME = "$(TARGET_NAME)";
				WRAPPER_EXTENSION = app;
			};
			name = Release;
		};
		12D35DAE19142E5E004D6D42 /* Debug */ = {
			isa = XCBuildConfiguration;
			buildSettings = {
				BUNDLE_LOADER = "$(BUILT_PRODUCTS_DIR)/vazamento_memoria.app/Contents/MacOS/vazamento_memoria";
				COMBINE_HIDPI_IMAGES = YES;
				FRAMEWORK_SEARCH_PATHS = "\"$(DEVELOPER_LIBRARY_DIR)/Frameworks\"";
				GCC_PRECOMPILE_PREFIX_HEADER = YES;
				GCC_PREFIX_HEADER = "vazamento_memoria/vazamento_memoria-Prefix.pch";
				INFOPLIST_FILE = "vazamento_memoriaTests/vazamento_memoriaTests-Info.plist";
				PRODUCT_NAME = "$(TARGET_NAME)";
				TEST_HOST = "$(BUNDLE_LOADER)";
				WRAPPER_EXTENSION = octest;
			};
			name = Debug;
		};
		12D35DAF19142E5E004D6D42 /* Release */ = {
			isa = XCBuildConfiguration;
			buildSettings = {
				BUNDLE_LOADER = "$(BUILT_PRODUCTS_DIR)/vazamento_memoria.app/Contents/MacOS/vazamento_memoria";
				COMBINE_HIDPI_IMAGES = YES;
				FRAMEWORK_SEARCH_PATHS = "\"$(DEVELOPER_LIBRARY_DIR)/Frameworks\"";
				GCC_PRECOMPILE_PREFIX_HEADER = YES;
				GCC_PREFIX_HEADER = "vazamento_memoria/vazamento_memoria-Prefix.pch";
				INFOPLIST_FILE = "vazamento_memoriaTests/vazamento_memoriaTests-Info.plist";
				PRODUCT_NAME = "$(TARGET_NAME)";
				TEST_HOST = "$(BUNDLE_LOADER)";
				WRAPPER_EXTENSION = octest;
			};
			name = Release;
		};
/* End XCBuildConfiguration section */

/* Begin XCConfigurationList section */
		12D35D7419142E5D004D6D42 /* Build configuration list for PBXProject "vazamento_memoria" */ = {
			isa = XCConfigurationList;
			buildConfigurations = (
				12D35DA819142E5E004D6D42 /* Debug */,
				12D35DA919142E5E004D6D42 /* Release */,
			);
			defaultConfigurationIsVisible = 0;
			defaultConfigurationName = Release;
		};
		12D35DAA19142E5E004D6D42 /* Build configuration list for PBXNativeTarget "vazamento_memoria" */ = {
			isa = XCConfigurationList;
			buildConfigurations = (
				12D35DAB19142E5E004D6D42 /* Debug */,
				12D35DAC19142E5E004D6D42 /* Release */,
			);
			defaultConfigurationIsVisible = 0;
		};
		12D35DAD19142E5E004D6D42 /* Build configuration list for PBXNativeTarget "vazamento_memoriaTests" */ = {
			isa = XCConfigurationList;
			buildConfigurations = (
				12D35DAE19142E5E004D6D42 /* Debug */,
				12D35DAF19142E5E004D6D42 /* Release */,
			);
			defaultConfigurationIsVisible = 0;
		};
/* End XCConfigurationList section */
	};
	rootObject = 12D35D7119142E5D004D6D42 /* Project object */;
}
